
Microsoft Visual Studio Solution File, Format Version 12.00
# Visual Studio Version 17
VisualStudioVersion = 17.13.35931.197 d17.13
MinimumVisualStudioVersion = 10.0.40219.1
Project("{FAE04EC0-301F-11D3-BF4B-00C04F79EFBC}") = "ChatServer", "ChatServer\ChatServer.csproj", "{05FE18C4-A740-479E-B5D3-7CD196482FE1}"
EndProject
Project("{FAE04EC0-301F-11D3-BF4B-00C04F79EFBC}") = "ChatClient", "ChatClient\ChatClient.csproj", "{2A67FB08-6C40-45FC-942B-ECB7C6A73111}"
EndProject
Global
	GlobalSection(SolutionConfigurationPlatforms) = preSolution
		Debug|Any CPU = Debug|Any CPU
		Release|Any CPU = Release|Any CPU
	EndGlobalSection
	GlobalSection(ProjectConfigurationPlatforms) = postSolution
		{05FE18C4-A740-479E-B5D3-7CD196482FE1}.Debug|Any CPU.ActiveCfg = Debug|Any CPU
		{05FE18C4-A740-479E-B5D3-7CD196482FE1}.Debug|Any CPU.Build.0 = Debug|Any CPU
		{05FE18C4-A740-479E-B5D3-7CD196482FE1}.Release|Any CPU.ActiveCfg = Release|Any CPU
		{05FE18C4-A740-479E-B5D3-7CD196482FE1}.Release|Any CPU.Build.0 = Release|Any CPU
		{2A67FB08-6C40-45FC-942B-ECB7C6A73111}.Debug|Any CPU.ActiveCfg = Debug|Any CPU
		{2A67FB08-6C40-45FC-942B-ECB7C6A73111}.Debug|Any CPU.Build.0 = Debug|Any CPU
		{2A67FB08-6C40-45FC-942B-ECB7C6A73111}.Release|Any CPU.ActiveCfg = Release|Any CPU
		{2A67FB08-6C40-45FC-942B-ECB7C6A73111}.Release|Any CPU.Build.0 = Release|Any CPU
	EndGlobalSection
	GlobalSection(SolutionProperties) = preSolution
		HideSolutionNode = FALSE
	EndGlobalSection
	GlobalSection(ExtensibilityGlobals) = postSolution
		SolutionGuid = {E71C5092-796A-4364-8292-04981ABF3DCA}
	EndGlobalSection
EndGlobal
